
Microsoft Visual Studio Solution File, Format Version 12.00
# Visual Studio Version 17
VisualStudioVersion = 17.7.34018.315
MinimumVisualStudioVersion = 10.0.40219.1
Project("{FAE04EC0-301F-11D3-BF4B-00C04F79EFBC}") = "Övning2.1 riktiga", "Övning2.1 riktiga\Övning2.1 riktiga.csproj", "{37FFE0D5-85BE-40E8-B3BA-FB521B36230D}"
EndProject
Global
	GlobalSection(SolutionConfigurationPlatforms) = preSolution
		Debug|Any CPU = Debug|Any CPU
		Release|Any CPU = Release|Any CPU
	EndGlobalSection
	GlobalSection(ProjectConfigurationPlatforms) = postSolution
		{37FFE0D5-85BE-40E8-B3BA-FB521B36230D}.Debug|Any CPU.ActiveCfg = Debug|Any CPU
		{37FFE0D5-85BE-40E8-B3BA-FB521B36230D}.Debug|Any CPU.Build.0 = Debug|Any CPU
		{37FFE0D5-85BE-40E8-B3BA-FB521B36230D}.Release|Any CPU.ActiveCfg = Release|Any CPU
		{37FFE0D5-85BE-40E8-B3BA-FB521B36230D}.Release|Any CPU.Build.0 = Release|Any CPU
	EndGlobalSection
	GlobalSection(SolutionProperties) = preSolution
		HideSolutionNode = FALSE
	EndGlobalSection
	GlobalSection(ExtensibilityGlobals) = postSolution
		SolutionGuid = {5EFFE533-86FF-4A2B-BE96-9D5B716DB9F7}
	EndGlobalSection
EndGlobal
